
Microsoft Visual Studio Solution File, Format Version 12.00
# Visual Studio Version 17
VisualStudioVersion = 17.5.33530.505
MinimumVisualStudioVersion = 10.0.40219.1
Project("{FAE04EC0-301F-11D3-BF4B-00C04F79EFBC}") = "ForeverRipe", "ForeverRipe.csproj", "{18A0E474-5D65-46CF-A0F0-0E1D73DAFCE0}"
EndProject
Global
	GlobalSection(SolutionConfigurationPlatforms) = preSolution
		Debug|Any CPU = Debug|Any CPU
		Release|Any CPU = Release|Any CPU
	EndGlobalSection
	GlobalSection(ProjectConfigurationPlatforms) = postSolution
		{18A0E474-5D65-46CF-A0F0-0E1D73DAFCE0}.Debug|Any CPU.ActiveCfg = Debug|Any CPU
		{18A0E474-5D65-46CF-A0F0-0E1D73DAFCE0}.Debug|Any CPU.Build.0 = Debug|Any CPU
		{18A0E474-5D65-46CF-A0F0-0E1D73DAFCE0}.Release|Any CPU.ActiveCfg = Release|Any CPU
		{18A0E474-5D65-46CF-A0F0-0E1D73DAFCE0}.Release|Any CPU.Build.0 = Release|Any CPU
	EndGlobalSection
	GlobalSection(SolutionProperties) = preSolution
		HideSolutionNode = FALSE
	EndGlobalSection
	GlobalSection(ExtensibilityGlobals) = postSolution
		SolutionGuid = {1CF09552-FEA2-4264-A207-BB36983B3C9B}
	EndGlobalSection
EndGlobal
